
Microsoft Visual Studio Solution File, Format Version 12.00
# Visual Studio Version 16
VisualStudioVersion = 16.0.31911.196
MinimumVisualStudioVersion = 10.0.40219.1
Project("{FAE04EC0-301F-11D3-BF4B-00C04F79EFBC}") = "AngularBasic", "AngularBasic\AngularBasic.csproj", "{AB04EAC7-70FC-4E55-83EB-D8DC5026121F}"
EndProject
Global
	GlobalSection(SolutionConfigurationPlatforms) = preSolution
		Debug|Any CPU = Debug|Any CPU
		Release|Any CPU = Release|Any CPU
	EndGlobalSection
	GlobalSection(ProjectConfigurationPlatforms) = postSolution
		{AB04EAC7-70FC-4E55-83EB-D8DC5026121F}.Debug|Any CPU.ActiveCfg = Debug|Any CPU
		{AB04EAC7-70FC-4E55-83EB-D8DC5026121F}.Debug|Any CPU.Build.0 = Debug|Any CPU
		{AB04EAC7-70FC-4E55-83EB-D8DC5026121F}.Release|Any CPU.ActiveCfg = Release|Any CPU
		{AB04EAC7-70FC-4E55-83EB-D8DC5026121F}.Release|Any CPU.Build.0 = Release|Any CPU
	EndGlobalSection
	GlobalSection(SolutionProperties) = preSolution
		HideSolutionNode = FALSE
	EndGlobalSection
	GlobalSection(ExtensibilityGlobals) = postSolution
		SolutionGuid = {C946098D-80D9-483B-BB41-2894A648D773}
	EndGlobalSection
EndGlobal
